// !$*UTF8*$!
{
	archiveVersion = 1;
	classes = {
	};
	objectVersion = 54;
	objects = {

/* Begin PBXBuildFile section */
		13B07FBF1A68108700A75B9A /* Images.xcassets in Resources */ = {isa = PBXBuildFile; fileRef = 13B07FB51A68108700A75B9A /* Images.xcassets */; };
		3E461D99554A48A4959DE609 /* SplashScreen.storyboard in Resources */ = {isa = PBXBuildFile; fileRef = AA286B85B6C04FC6940260E9 /* SplashScreen.storyboard */; };
		BB2F792D24A3F905000567C9 /* Expo.plist in Resources */ = {isa = PBXBuildFile; fileRef = BB2F792C24A3F905000567C9 /* Expo.plist */; };
		F11748422D0307B40044C1D9 /* AppDelegate.swift in Sources */ = {isa = PBXBuildFile; fileRef = F11748412D0307B40044C1D9 /* AppDelegate.swift */; };
		A83E3345575F45CAB5B7730A /* tritonai-app-icon.icon in Resources */ = {isa = PBXBuildFile; fileRef = E5FB34B6801B466E995F2178 /* tritonai-app-icon.icon */; };
		AC330B8621D6458DAE085F39 /* index.swift in Sources */ = {isa = PBXBuildFile; fileRef = 73EFB7EC39294F6585AC476D /* index.swift */; };
		AE9D315FC99E4DE882EDDF4F /* SubscriptionUsage.swift in Sources */ = {isa = PBXBuildFile; fileRef = 95E4CCD7827B49AF999C754A /* SubscriptionUsage.swift */; };
		D35E22AF41E54762A26195A1 /* AgentActivity.swift in Sources */ = {isa = PBXBuildFile; fileRef = 2BB5EA9A1A3E40F69A9C83AE /* AgentActivity.swift */; };
		89F88034A2F041F69426936F /* ExpoWidgetsTarget.appex in Embed Foundation Extensions */ = {isa = PBXBuildFile; fileRef = E766C528E6E14AD7AC7BBAE0 /* ExpoWidgetsTarget.appex */; };
		E862746BB0A64A708BB8FECA /* ExpoWidgetsTarget.entitlements in Resources */ = {isa = PBXBuildFile; fileRef = 885BD7017AED41B9BBB7268C /* ExpoWidgetsTarget.entitlements */; };
		D8982BF987914B998E4E82AE /* Info.plist in Resources */ = {isa = PBXBuildFile; fileRef = 9D39ED9C129B4CE9BDCF9627 /* Info.plist */; };
		B6E863F97BEE44E3B9815032 /* ShareIntoViewController.swift in Sources */ = {isa = PBXBuildFile; fileRef = AADAE319DEA842808EA8D92F /* ShareIntoViewController.swift */; };
		1DEA172EBC9F4116A4E40D80 /* Constants.swift in Sources */ = {isa = PBXBuildFile; fileRef = A8B86CF8696445D2B45FC9E0 /* Constants.swift */; };
		D848060F2B9548D2B9184FE8 /* ShareProtocol.swift in Sources */ = {isa = PBXBuildFile; fileRef = E577B3CF87204D03961A36FE /* ShareProtocol.swift */; };
		8A5A67850E0247ACA1DD8E28 /* expo-sharing-extension.appex in Embed Foundation Extensions */ = {isa = PBXBuildFile; fileRef = BE1CC66D0C6244AA98C111F7 /* expo-sharing-extension.appex */; };
		B7B1F52831254327BA778711 /* expo-sharing-extension.entitlements in Resources */ = {isa = PBXBuildFile; fileRef = CF204E078DA343FDA968F915 /* expo-sharing-extension.entitlements */; };
		E1F0C9335CD74CF5B2086324 /* DMSans_400Regular.ttf in Resources */ = {isa = PBXBuildFile; fileRef = C34563D1FFDA452BA75A1338 /* DMSans_400Regular.ttf */; };
		39F03090565141458FC1A89B /* DMSans_500Medium.ttf in Resources */ = {isa = PBXBuildFile; fileRef = 8E1728146BDF4CDD9786B573 /* DMSans_500Medium.ttf */; };
		0D9B1EC364B54CF5859BAF00 /* DMSans_700Bold.ttf in Resources */ = {isa = PBXBuildFile; fileRef = A0F8747ADB5C44EBA3CDD714 /* DMSans_700Bold.ttf */; };
/* End PBXBuildFile section */

/* Begin PBXFileReference section */
		13B07F961A680F5B00A75B9A /* TritonAIHarnessPreview.app */ = {isa = PBXFileReference; explicitFileType = wrapper.application; includeInIndex = 0; path = TritonAIHarnessPreview.app; sourceTree = BUILT_PRODUCTS_DIR; };
		13B07FB51A68108700A75B9A /* Images.xcassets */ = {isa = PBXFileReference; lastKnownFileType = folder.assetcatalog; name = Images.xcassets; path = TritonAIHarnessPreview/Images.xcassets; sourceTree = "<group>"; };
		13B07FB61A68108700A75B9A /* Info.plist */ = {isa = PBXFileReference; fileEncoding = 4; lastKnownFileType = text.plist.xml; name = Info.plist; path = TritonAIHarnessPreview/Info.plist; sourceTree = "<group>"; };
		AA286B85B6C04FC6940260E9 /* SplashScreen.storyboard */ = {isa = PBXFileReference; fileEncoding = 4; lastKnownFileType = file.storyboard; name = SplashScreen.storyboard; path = TritonAIHarnessPreview/SplashScreen.storyboard; sourceTree = "<group>"; };
		BB2F792C24A3F905000567C9 /* Expo.plist */ = {isa = PBXFileReference; fileEncoding = 4; lastKnownFileType = text.plist.xml; path = Expo.plist; sourceTree = "<group>"; };
		ED297162215061F000B7C4FE /* JavaScriptCore.framework */ = {isa = PBXFileReference; lastKnownFileType = wrapper.framework; name = JavaScriptCore.framework; path = System/Library/Frameworks/JavaScriptCore.framework; sourceTree = SDKROOT; };
		F11748412D0307B40044C1D9 /* AppDelegate.swift */ = {isa = PBXFileReference; lastKnownFileType = sourcecode.swift; name = AppDelegate.swift; path = TritonAIHarnessPreview/AppDelegate.swift; sourceTree = "<group>"; };
		F11748442D0722820044C1D9 /* TritonAIHarnessPreview-Bridging-Header.h */ = {isa = PBXFileReference; lastKnownFileType = sourcecode.c.h; name = "TritonAIHarnessPreview-Bridging-Header.h"; path = "TritonAIHarnessPreview/TritonAIHarnessPreview-Bridging-Header.h"; sourceTree = "<group>"; };
		E5FB34B6801B466E995F2178 /* tritonai-app-icon.icon */ = {isa = PBXFileReference; name = "tritonai-app-icon.icon"; path = "TritonAIHarnessPreview/tritonai-app-icon.icon"; sourceTree = "<group>"; fileEncoding = undefined; lastKnownFileType = unknown; explicitFileType = undefined; includeInIndex = 0; };
		E766C528E6E14AD7AC7BBAE0 /* ExpoWidgetsTarget.appex */ = {isa = PBXFileReference; name = "ExpoWidgetsTarget.appex"; path = "ExpoWidgetsTarget.appex"; sourceTree = BUILT_PRODUCTS_DIR; fileEncoding = undefined; lastKnownFileType = undefined; explicitFileType = wrapper.app-extension; includeInIndex = 0; };
		73EFB7EC39294F6585AC476D /* index.swift */ = {isa = PBXFileReference; name = "index.swift"; path = "index.swift"; sourceTree = "<group>"; fileEncoding = 4; lastKnownFileType = sourcecode.swift; explicitFileType = undefined; includeInIndex = 0; };
		95E4CCD7827B49AF999C754A /* SubscriptionUsage.swift */ = {isa = PBXFileReference; name = "SubscriptionUsage.swift"; path = "SubscriptionUsage.swift"; sourceTree = "<group>"; fileEncoding = 4; lastKnownFileType = sourcecode.swift; explicitFileType = undefined; includeInIndex = 0; };
		2BB5EA9A1A3E40F69A9C83AE /* AgentActivity.swift */ = {isa = PBXFileReference; name = "AgentActivity.swift"; path = "AgentActivity.swift"; sourceTree = "<group>"; fileEncoding = 4; lastKnownFileType = sourcecode.swift; explicitFileType = undefined; includeInIndex = 0; };
		885BD7017AED41B9BBB7268C /* ExpoWidgetsTarget.entitlements */ = {isa = PBXFileReference; name = "ExpoWidgetsTarget.entitlements"; path = "ExpoWidgetsTarget.entitlements"; sourceTree = "<group>"; fileEncoding = undefined; lastKnownFileType = unknown; explicitFileType = undefined; includeInIndex = 0; };
		9D39ED9C129B4CE9BDCF9627 /* Info.plist */ = {isa = PBXFileReference; name = "Info.plist"; path = "Info.plist"; sourceTree = "<group>"; fileEncoding = 4; lastKnownFileType = text.plist.xml; explicitFileType = undefined; includeInIndex = 0; };
		BE1CC66D0C6244AA98C111F7 /* expo-sharing-extension.appex */ = {isa = PBXFileReference; name = "expo-sharing-extension.appex"; path = "expo-sharing-extension.appex"; sourceTree = BUILT_PRODUCTS_DIR; fileEncoding = undefined; lastKnownFileType = undefined; explicitFileType = wrapper.app-extension; includeInIndex = 0; };
		AADAE319DEA842808EA8D92F /* ShareIntoViewController.swift */ = {isa = PBXFileReference; name = "ShareIntoViewController.swift"; path = "ShareIntoViewController.swift"; sourceTree = "<group>"; fileEncoding = 4; lastKnownFileType = sourcecode.swift; explicitFileType = undefined; includeInIndex = 0; };
		A8B86CF8696445D2B45FC9E0 /* Constants.swift */ = {isa = PBXFileReference; name = "Constants.swift"; path = "../../../../../node_modules/.pnpm/expo-sharing@57.0.17_patch_hash=8d2e3b10eb3f52036a9a086800180ec6cebf3b75bccc5b1775117a7_7b91e6516c348fd25a9801c5bef513cb/node_modules/expo-sharing/ios/shared/Constants.swift"; sourceTree = "<group>"; fileEncoding = 4; lastKnownFileType = sourcecode.swift; explicitFileType = undefined; includeInIndex = 0; };
		E577B3CF87204D03961A36FE /* ShareProtocol.swift */ = {isa = PBXFileReference; name = "ShareProtocol.swift"; path = "../../../../../node_modules/.pnpm/expo-sharing@57.0.17_patch_hash=8d2e3b10eb3f52036a9a086800180ec6cebf3b75bccc5b1775117a7_7b91e6516c348fd25a9801c5bef513cb/node_modules/expo-sharing/ios/shared/ShareProtocol.swift"; sourceTree = "<group>"; fileEncoding = 4; lastKnownFileType = sourcecode.swift; explicitFileType = undefined; includeInIndex = 0; };
		CF204E078DA343FDA968F915 /* expo-sharing-extension.entitlements */ = {isa = PBXFileReference; name = "expo-sharing-extension.entitlements"; path = "expo-sharing-extension.entitlements"; sourceTree = "<group>"; fileEncoding = undefined; lastKnownFileType = unknown; explicitFileType = undefined; includeInIndex = 0; };
		C34563D1FFDA452BA75A1338 /* DMSans_400Regular.ttf */ = {isa = PBXFileReference; name = "DMSans_400Regular.ttf"; path = "../../../node_modules/.pnpm/@expo-google-fonts+dm-sans@0.4.2/node_modules/@expo-google-fonts/dm-sans/400Regular/DMSans_400Regular.ttf"; sourceTree = "<group>"; fileEncoding = undefined; lastKnownFileType = unknown; explicitFileType = undefined; includeInIndex = 0; };
		8E1728146BDF4CDD9786B573 /* DMSans_500Medium.ttf */ = {isa = PBXFileReference; name = "DMSans_500Medium.ttf"; path = "../../../node_modules/.pnpm/@expo-google-fonts+dm-sans@0.4.2/node_modules/@expo-google-fonts/dm-sans/500Medium/DMSans_500Medium.ttf"; sourceTree = "<group>"; fileEncoding = undefined; lastKnownFileType = unknown; explicitFileType = undefined; includeInIndex = 0; };
		A0F8747ADB5C44EBA3CDD714 /* DMSans_700Bold.ttf */ = {isa = PBXFileReference; name = "DMSans_700Bold.ttf"; path = "../../../node_modules/.pnpm/@expo-google-fonts+dm-sans@0.4.2/node_modules/@expo-google-fonts/dm-sans/700Bold/DMSans_700Bold.ttf"; sourceTree = "<group>"; fileEncoding = undefined; lastKnownFileType = unknown; explicitFileType = undefined; includeInIndex = 0; };
/* End PBXFileReference section */

/* Begin PBXFrameworksBuildPhase section */
		13B07F8C1A680F5B00A75B9A /* Frameworks */ = {
			isa = PBXFrameworksBuildPhase;
			buildActionMask = 2147483647;
			files = (
			);
			runOnlyForDeploymentPostprocessing = 0;
		};
		2DD62E51636440BBB9DA26F7 /* Frameworks */ = {
			isa = PBXFrameworksBuildPhase;
			buildActionMask = 2147483647;
			files = (
			);
			runOnlyForDeploymentPostprocessing = 0;
		};
		A102872F808348F1AE472553 /* Embed Foundation Extensions */ = {
			isa = PBXFrameworksBuildPhase;
			buildActionMask = 2147483647;
			files = (
			);
			runOnlyForDeploymentPostprocessing = 0;
		};
/* End PBXFrameworksBuildPhase section */

/* Begin PBXGroup section */
		13B07FAE1A68108700A75B9A /* TritonAIHarnessPreview */ = {
			isa = PBXGroup;
			children = (
				F11748412D0307B40044C1D9 /* AppDelegate.swift */,
				F11748442D0722820044C1D9 /* TritonAIHarnessPreview-Bridging-Header.h */,
				BB2F792B24A3F905000567C9 /* Supporting */,
				13B07FB51A68108700A75B9A /* Images.xcassets */,
				13B07FB61A68108700A75B9A /* Info.plist */,
				AA286B85B6C04FC6940260E9 /* SplashScreen.storyboard */,
				E5FB34B6801B466E995F2178 /* tritonai-app-icon.icon */,
			);
			name = TritonAIHarnessPreview;
			sourceTree = "<group>";
		};
		2D16E6871FA4F8E400B85C8A /* Frameworks */ = {
			isa = PBXGroup;
			children = (
				ED297162215061F000B7C4FE /* JavaScriptCore.framework */,
			);
			name = Frameworks;
			sourceTree = "<group>";
		};
		832341AE1AAA6A7D00B99B32 /* Libraries */ = {
			isa = PBXGroup;
			children = (
			);
			name = Libraries;
			sourceTree = "<group>";
		};
		83CBB9F61A601CBA00E9B192 = {
			isa = PBXGroup;
			children = (
				13B07FAE1A68108700A75B9A /* TritonAIHarnessPreview */,
				832341AE1AAA6A7D00B99B32 /* Libraries */,
				83CBBA001A601CBA00E9B192 /* Products */,
				2D16E6871FA4F8E400B85C8A /* Frameworks */,
				5EC54FDA30C749BEB29C46CF /* ExpoWidgetsTarget */,
				F82CB4090D574C57AEE60ABC /* expo-sharing-extension */,
				2C978E85B3B9494292A5D3EF /* Resources */,
			);
			indentWidth = 2;
			sourceTree = "<group>";
			tabWidth = 2;
			usesTabs = 0;
		};
		83CBBA001A601CBA00E9B192 /* Products */ = {
			isa = PBXGroup;
			children = (
				13B07F961A680F5B00A75B9A /* TritonAIHarnessPreview.app */,
				E766C528E6E14AD7AC7BBAE0 /* ExpoWidgetsTarget.appex */,
				BE1CC66D0C6244AA98C111F7 /* expo-sharing-extension.appex */,
			);
			name = Products;
			sourceTree = "<group>";
		};
		BB2F792B24A3F905000567C9 /* Supporting */ = {
			isa = PBXGroup;
			children = (
				BB2F792C24A3F905000567C9 /* Expo.plist */,
			);
			name = Supporting;
			path = TritonAIHarnessPreview/Supporting;
			sourceTree = "<group>";
		};
		5EC54FDA30C749BEB29C46CF /* ExpoWidgetsTarget */ = {
			isa = PBXGroup;
			children = (
				885BD7017AED41B9BBB7268C /* ExpoWidgetsTarget.entitlements */,
				9D39ED9C129B4CE9BDCF9627 /* Info.plist */,
				73EFB7EC39294F6585AC476D /* index.swift */,
				95E4CCD7827B49AF999C754A /* SubscriptionUsage.swift */,
				2BB5EA9A1A3E40F69A9C83AE /* AgentActivity.swift */,
			);
			name = ExpoWidgetsTarget;
			path = ExpoWidgetsTarget;
			sourceTree = "<group>";
		};
		F82CB4090D574C57AEE60ABC /* expo-sharing-extension */ = {
			isa = PBXGroup;
			children = (
				AADAE319DEA842808EA8D92F /* ShareIntoViewController.swift */,
				CF204E078DA343FDA968F915 /* expo-sharing-extension.entitlements */,
				9D39ED9C129B4CE9BDCF9627 /* Info.plist */,
				86E9B2CE49CE4E1CBBCEE186 /* shared */,
			);
			name = expo-sharing-extension;
			path = expo-sharing-extension;
			sourceTree = "<group>";
		};
		86E9B2CE49CE4E1CBBCEE186 /* shared */ = {
			isa = PBXGroup;
			children = (
				A8B86CF8696445D2B45FC9E0 /* Constants.swift */,
				E577B3CF87204D03961A36FE /* ShareProtocol.swift */,
			);
			name = shared;
			path = shared;
			sourceTree = "<group>";
		};
		2C978E85B3B9494292A5D3EF /* Resources */ = {
			isa = "PBXGroup";
			children = (
				C34563D1FFDA452BA75A1338 /* DMSans_400Regular.ttf */,
				8E1728146BDF4CDD9786B573 /* DMSans_500Medium.ttf */,
				A0F8747ADB5C44EBA3CDD714 /* DMSans_700Bold.ttf */,
			);
			name = Resources;
			sourceTree = "<group>";
			path = "";
		};
/* End PBXGroup section */

/* Begin PBXNativeTarget section */
		13B07F861A680F5B00A75B9A /* TritonAIHarnessPreview */ = {
			isa = PBXNativeTarget;
			buildConfigurationList = 13B07F931A680F5B00A75B9A /* Build configuration list for PBXNativeTarget "TritonAIHarnessPreview" */;
			buildPhases = (
				08A4A3CD28434E44B6B9DE2E /* [CP] Check Pods Manifest.lock */,
				13B07F871A680F5B00A75B9A /* Sources */,
				13B07F8C1A680F5B00A75B9A /* Frameworks */,
				13B07F8E1A680F5B00A75B9A /* Resources */,
				00DD1BFF1BD5951E006B06BC /* Bundle React Native code and images */,
				800E24972A6A228C8D4807E9 /* [CP] Copy Pods Resources */,
				A580BDD5AD6649FE989FC82C /* [Expo Dev Launcher] Strip Local Network Keys for Release */,
				04879F041B3548029C9ED73B /* Embed Foundation Extensions */,
				98D8414791DD41EA8EA049D2 /* Embed Foundation Extensions */,
			);
			buildRules = (
			);
			dependencies = (
				12E923D75FB74150B8FF309A /* PBXTargetDependency */,
			);
			name = TritonAIHarnessPreview;
			productName = TritonAIHarnessPreview;
			productReference = 13B07F961A680F5B00A75B9A /* TritonAIHarnessPreview.app */;
			productType = "com.apple.product-type.application";
		};
		661D6DB3243F49E9B52B1A47 /* ExpoWidgetsTarget */ = {
			isa = PBXNativeTarget;
			name = ExpoWidgetsTarget;
			productName = ExpoWidgetsTarget;
			productReference = E766C528E6E14AD7AC7BBAE0;
			productType = "com.apple.product-type.app-extension";
			buildConfigurationList = 55CC090FA3134B868BCA5BD6;
			buildPhases = (
				18A2965CE0534E439C82BB6D /* Sources */,
				2DD62E51636440BBB9DA26F7 /* Frameworks */,
				35233BEED5794EE988758D34 /* Compile Widget Assets */,
			);
			buildRules = (
			);
			dependencies = (
			);
		};
		3B997AFFC2BC454BBDC1A1D3 /* expo-sharing-extension */ = {
			isa = PBXNativeTarget;
			name = expo-sharing-extension;
			productName = expo-sharing-extension;
			productReference = BE1CC66D0C6244AA98C111F7;
			productType = "com.apple.product-type.app-extension";
			buildConfigurationList = 356D8A79F29745AAB14007F7;
			buildPhases = (
				3B5BF104A7514488B2163D0C /* Embed Foundation Extensions */,
				A102872F808348F1AE472553 /* Embed Foundation Extensions */,
				C5ED74E44A824A0A9A0D2D96 /* Embed Foundation Extensions */,
			);
			buildRules = (
			);
			dependencies = (
			);
		};
/* End PBXNativeTarget section */

/* Begin PBXProject section */
		83CBB9F71A601CBA00E9B192 /* Project object */ = {
			isa = PBXProject;
			attributes = {
				LastUpgradeCheck = 1130;
				TargetAttributes = {
					13B07F861A680F5B00A75B9A = {
						LastSwiftMigration = 1250;
					};
					661D6DB3243F49E9B52B1A47 = {
						LastSwiftMigration = 1250;
					};
					3B997AFFC2BC454BBDC1A1D3 = {
						LastSwiftMigration = 1250;
						ProvisioningStyle = Automatic;
						CreatedOnToolsVersion = 15.1;
					};
				};
			};
			buildConfigurationList = 83CBB9FA1A601CBA00E9B192 /* Build configuration list for PBXProject "TritonAIHarnessPreview" */;
			compatibilityVersion = "Xcode 3.2";
			developmentRegion = en;
			hasScannedForEncodings = 0;
			knownRegions = (
				en,
				Base,
			);
			mainGroup = 83CBB9F61A601CBA00E9B192;
			productRefGroup = 83CBBA001A601CBA00E9B192 /* Products */;
			projectDirPath = "";
			projectRoot = "";
			targets = (
				13B07F861A680F5B00A75B9A /* TritonAIHarnessPreview */,
				661D6DB3243F49E9B52B1A47 /* ExpoWidgetsTarget */,
				3B997AFFC2BC454BBDC1A1D3 /* expo-sharing-extension */,
			);
		};
/* End PBXProject section */

/* Begin PBXResourcesBuildPhase section */
		13B07F8E1A680F5B00A75B9A /* Resources */ = {
			isa = PBXResourcesBuildPhase;
			buildActionMask = 2147483647;
			files = (
				BB2F792D24A3F905000567C9 /* Expo.plist in Resources */,
				13B07FBF1A68108700A75B9A /* Images.xcassets in Resources */,
				3E461D99554A48A4959DE609 /* SplashScreen.storyboard in Resources */,
				A83E3345575F45CAB5B7730A /* tritonai-app-icon.icon in Resources */,
				E1F0C9335CD74CF5B2086324 /* DMSans_400Regular.ttf in Resources */,
				39F03090565141458FC1A89B /* DMSans_500Medium.ttf in Resources */,
				0D9B1EC364B54CF5859BAF00 /* DMSans_700Bold.ttf in Resources */,
			);
			runOnlyForDeploymentPostprocessing = 0;
		};
		C5ED74E44A824A0A9A0D2D96 /* Embed Foundation Extensions */ = {
			isa = PBXResourcesBuildPhase;
			buildActionMask = 2147483647;
			files = (
			);
			runOnlyForDeploymentPostprocessing = 0;
		};
/* End PBXResourcesBuildPhase section */

/* Begin PBXShellScriptBuildPhase section */
		00DD1BFF1BD5951E006B06BC /* Bundle React Native code and images */ = {
			isa = PBXShellScriptBuildPhase;
			alwaysOutOfDate = 1;
			buildActionMask = 2147483647;
			files = (
			);
			inputPaths = (
				"$(SRCROOT)/.xcode.env",
				"$(SRCROOT)/.xcode.env.local",
			);
			name = "Bundle React Native code and images";
			outputPaths = (
			);
			runOnlyForDeploymentPostprocessing = 0;
			shellPath = /bin/sh;
			shellScript = "if [[ -f \"$PODS_ROOT/../.xcode.env\" ]]; then\n  source \"$PODS_ROOT/../.xcode.env\"\nfi\nif [[ -f \"$PODS_ROOT/../.xcode.env.local\" ]]; then\n  source \"$PODS_ROOT/../.xcode.env.local\"\nfi\n\n# The project root by default is one level up from the ios directory\nexport PROJECT_ROOT=\"$PROJECT_DIR\"/..\n\nif [[ \"$CONFIGURATION\" = *Debug* ]]; then\n  export SKIP_BUNDLING=1\nfi\nif [[ -z \"$ENTRY_FILE\" ]]; then\n  # Set the entry JS file using the bundler's entry resolution.\n  export ENTRY_FILE=\"$(\"$NODE_BINARY\" -e \"require('expo/scripts/resolveAppEntry')\" \"$PROJECT_ROOT\" ios absolute | tail -n 1)\"\nfi\n\nif [[ -z \"$CLI_PATH\" ]]; then\n  # Use Expo CLI\n  export CLI_PATH=\"$(\"$NODE_BINARY\" --print \"require.resolve('@expo/cli', { paths: [require.resolve('expo/package.json')] })\")\"\nfi\nif [[ -z \"$BUNDLE_COMMAND\" ]]; then\n  # Default Expo CLI command for bundling\n  export BUNDLE_COMMAND=\"export:embed\"\nfi\n\n# Source .xcode.env.updates if it exists to allow\n# SKIP_BUNDLING to be unset if needed\nif [[ -f \"$PODS_ROOT/../.xcode.env.updates\" ]]; then\n  source \"$PODS_ROOT/../.xcode.env.updates\"\nfi\n# Source local changes to allow overrides\n# if needed\nif [[ -f \"$PODS_ROOT/../.xcode.env.local\" ]]; then\n  source \"$PODS_ROOT/../.xcode.env.local\"\nfi\n\n`\"$NODE_BINARY\" --print \"require('path').dirname(require.resolve('react-native/package.json')) + '/scripts/react-native-xcode.sh'\"`\n\n";
		};
		08A4A3CD28434E44B6B9DE2E /* [CP] Check Pods Manifest.lock */ = {
			isa = PBXShellScriptBuildPhase;
			buildActionMask = 2147483647;
			files = (
			);
			inputFileListPaths = (
			);
			inputPaths = (
				"${PODS_PODFILE_DIR_PATH}/Podfile.lock",
				"${PODS_ROOT}/Manifest.lock",
			);
			name = "[CP] Check Pods Manifest.lock";
			outputFileListPaths = (
			);
			outputPaths = (
				"$(DERIVED_FILE_DIR)/Pods-TritonAIHarnessPreview-checkManifestLockResult.txt",
			);
			runOnlyForDeploymentPostprocessing = 0;
			shellPath = /bin/sh;
			shellScript = "diff \"${PODS_PODFILE_DIR_PATH}/Podfile.lock\" \"${PODS_ROOT}/Manifest.lock\" > /dev/null\nif [ $? != 0 ] ; then\n    # print error to STDERR\n    echo \"error: The sandbox is not in sync with the Podfile.lock. Run 'pod install' or update your CocoaPods installation.\" >&2\n    exit 1\nfi\n# This output is used by Xcode 'outputs' to avoid re-running this script phase.\necho \"SUCCESS\" > \"${SCRIPT_OUTPUT_FILE_0}\"\n";
			showEnvVarsInLog = 0;
		};
		800E24972A6A228C8D4807E9 /* [CP] Copy Pods Resources */ = {
			isa = PBXShellScriptBuildPhase;
			buildActionMask = 2147483647;
			files = (
			);
			inputPaths = (
				"${PODS_ROOT}/Target Support Files/Pods-TritonAIHarnessPreview/Pods-TritonAIHarnessPreview-resources.sh",
				"${PODS_CONFIGURATION_BUILD_DIR}/EXConstants/EXConstants.bundle",
				"${PODS_CONFIGURATION_BUILD_DIR}/EXUpdates/EXUpdates.bundle",
				"${PODS_CONFIGURATION_BUILD_DIR}/React-Core/RCTI18nStrings.bundle",
			);
			name = "[CP] Copy Pods Resources";
			outputPaths = (
				"${TARGET_BUILD_DIR}/${UNLOCALIZED_RESOURCES_FOLDER_PATH}/EXConstants.bundle",
				"${TARGET_BUILD_DIR}/${UNLOCALIZED_RESOURCES_FOLDER_PATH}/EXUpdates.bundle",
				"${TARGET_BUILD_DIR}/${UNLOCALIZED_RESOURCES_FOLDER_PATH}/RCTI18nStrings.bundle",
			);
			runOnlyForDeploymentPostprocessing = 0;
			shellPath = /bin/sh;
			shellScript = "\"${PODS_ROOT}/Target Support Files/Pods-TritonAIHarnessPreview/Pods-TritonAIHarnessPreview-resources.sh\"\n";
			showEnvVarsInLog = 0;
		};
		A580BDD5AD6649FE989FC82C /* [Expo Dev Launcher] Strip Local Network Keys for Release */ = {
			isa = PBXShellScriptBuildPhase;
			buildActionMask = 2147483647;
			files = (
			);
			runOnlyForDeploymentPostprocessing = 0;
			name = "[Expo Dev Launcher] Strip Local Network Keys for Release";
			inputPaths = (
			);
			outputPaths = (
			);
			shellPath = /bin/sh;
			shellScript = "# Strip dev-launcher-specific local network permission keys from non-Debug builds
# This only removes _expo._tcp Bonjour services and the dev-launcher usage description.
# Other Bonjour services and custom descriptions are preserved for production use.

if [ \"$CONFIGURATION\" != \"Debug\" ]; then
  PLIST_PATH=\"${TARGET_BUILD_DIR}/${INFOPLIST_PATH}\"
  if [ -f \"$PLIST_PATH\" ]; then
    # Check if NSBonjourServices exists
    if /usr/libexec/PlistBuddy -c \"Print :NSBonjourServices\" \"$PLIST_PATH\" >/dev/null 2>&1; then
      # Get the count of services
      COUNT=$(/usr/libexec/PlistBuddy -c \"Print :NSBonjourServices\" \"$PLIST_PATH\" 2>/dev/null | grep \"^    \" | wc -l | tr -d ' ')

      # Remove _expo._tcp
      for ((i=COUNT-1; i>=0; i--)); do
        SERVICE=$(/usr/libexec/PlistBuddy -c \"Print :NSBonjourServices:$i\" \"$PLIST_PATH\" 2>/dev/null || echo \"\")
        if echo \"$SERVICE\" | grep -q \"_expo._tcp\"; then
          /usr/libexec/PlistBuddy -c \"Delete :NSBonjourServices:$i\" \"$PLIST_PATH\" 2>/dev/null || true
        fi
      done

      # If the array is now empty, remove it entirely
      REMAINING=$(/usr/libexec/PlistBuddy -c \"Print :NSBonjourServices\" \"$PLIST_PATH\" 2>/dev/null | grep \"^    \" | wc -l | tr -d ' ')
      if [ \"$REMAINING\" -eq \"0\" ]; then
        /usr/libexec/PlistBuddy -c \"Delete :NSBonjourServices\" \"$PLIST_PATH\" 2>/dev/null || true
      fi
    fi

    # Only delete the description if it matches the dev-launcher default text
    DESC=$(/usr/libexec/PlistBuddy -c \"Print :NSLocalNetworkUsageDescription\" \"$PLIST_PATH\" 2>/dev/null || echo \"\")
    if echo \"$DESC\" | grep -q \"Expo Dev Launcher\"; then
      /usr/libexec/PlistBuddy -c \"Delete :NSLocalNetworkUsageDescription\" \"$PLIST_PATH\" 2>/dev/null || true
    fi
  fi
fi
";
		};
		35233BEED5794EE988758D34 /* Compile Widget Assets */ = {
			isa = PBXShellScriptBuildPhase;
			buildActionMask = 2147483647;
			files = (
			);
			runOnlyForDeploymentPostprocessing = 0;
			name = "Compile Widget Assets";
			inputPaths = (
			);
			outputPaths = (
			);
			shellPath = /bin/sh;
			shellScript = "set -e
CATALOG=\"${SRCROOT}/ExpoWidgetsTarget/Assets.xcassets\"
if [ ! -d \"$CATALOG\" ]; then
  echo \"error: widget asset catalog not found at $CATALOG (expo-widgets wiped it? check plugin ordering in app.config.ts)\"
  exit 1
fi
DEST=\"${TARGET_BUILD_DIR}/${UNLOCALIZED_RESOURCES_FOLDER_PATH}\"
mkdir -p \"$DEST\"
xcrun actool \"$CATALOG\" --compile \"$DEST\" --platform \"${PLATFORM_NAME}\" --minimum-deployment-target \"${IPHONEOS_DEPLOYMENT_TARGET:-16.0}\" --output-format human-readable-text";
			alwaysOutOfDate = 1;
		};
/* End PBXShellScriptBuildPhase section */

/* Begin PBXSourcesBuildPhase section */
		13B07F871A680F5B00A75B9A /* Sources */ = {
			isa = PBXSourcesBuildPhase;
			buildActionMask = 2147483647;
			files = (
				F11748422D0307B40044C1D9 /* AppDelegate.swift in Sources */,
			);
			runOnlyForDeploymentPostprocessing = 0;
		};
		18A2965CE0534E439C82BB6D /* Sources */ = {
			isa = PBXSourcesBuildPhase;
			buildActionMask = 2147483647;
			files = (
				AC330B8621D6458DAE085F39 /* index.swift in Sources */,
				AE9D315FC99E4DE882EDDF4F /* SubscriptionUsage.swift in Sources */,
				D35E22AF41E54762A26195A1 /* AgentActivity.swift in Sources */,
			);
			runOnlyForDeploymentPostprocessing = 0;
		};
		3B5BF104A7514488B2163D0C /* Embed Foundation Extensions */ = {
			isa = PBXSourcesBuildPhase;
			buildActionMask = 2147483647;
			files = (
				B6E863F97BEE44E3B9815032 /* ShareIntoViewController.swift in Sources */,
				1DEA172EBC9F4116A4E40D80 /* Constants.swift in Sources */,
				D848060F2B9548D2B9184FE8 /* ShareProtocol.swift in Sources */,
			);
			runOnlyForDeploymentPostprocessing = 0;
		};
/* End PBXSourcesBuildPhase section */

/* Begin XCBuildConfiguration section */
		13B07F941A680F5B00A75B9A /* Debug */ = {
			isa = XCBuildConfiguration;
			buildSettings = {
				ASSETCATALOG_COMPILER_APPICON_NAME = tritonai-app-icon;
				CLANG_ENABLE_MODULES = YES;
				CURRENT_PROJECT_VERSION = 1;
				ENABLE_BITCODE = NO;
				GCC_PREPROCESSOR_DEFINITIONS = (
					"$(inherited)",
					"FB_SONARKIT_ENABLED=1",
				);
				INFOPLIST_FILE = TritonAIHarnessPreview/Info.plist;
				IPHONEOS_DEPLOYMENT_TARGET = 18.0;
				LD_RUNPATH_SEARCH_PATHS = (
					"$(inherited)",
					"@executable_path/Frameworks",
				);
				MACOSX_DEPLOYMENT_TARGET = 13.4;
				MARKETING_VERSION = 1.0;
				OTHER_LDFLAGS = (
					"$(inherited)",
					"-ObjC",
					"-lc++",
				);
				PRODUCT_BUNDLE_IDENTIFIER = "edu.ucsd.tritonai.harness.preview";
				PRODUCT_NAME = "TritonAIHarnessPreview";
				SWIFT_OBJC_BRIDGING_HEADER = "TritonAIHarnessPreview/TritonAIHarnessPreview-Bridging-Header.h";
				SWIFT_OPTIMIZATION_LEVEL = "-Onone";
				SWIFT_VERSION = 5.0;
				VERSIONING_SYSTEM = "apple-generic";
				DEVELOPMENT_TEAM = G789749RTK;
				TARGETED_DEVICE_FAMILY = "1,2";
				CODE_SIGN_ENTITLEMENTS = TritonAIHarnessPreview/TritonAIHarnessPreview.entitlements;
			};
			name = Debug;
		};
		13B07F951A680F5B00A75B9A /* Release */ = {
			isa = XCBuildConfiguration;
			buildSettings = {
				ASSETCATALOG_COMPILER_APPICON_NAME = tritonai-app-icon;
				CLANG_ENABLE_MODULES = YES;
				CURRENT_PROJECT_VERSION = 1;
				INFOPLIST_FILE = TritonAIHarnessPreview/Info.plist;
				IPHONEOS_DEPLOYMENT_TARGET = 18.0;
				LD_RUNPATH_SEARCH_PATHS = (
					"$(inherited)",
					"@executable_path/Frameworks",
				);
				MACOSX_DEPLOYMENT_TARGET = 13.4;
				MARKETING_VERSION = 1.0;
				OTHER_LDFLAGS = (
					"$(inherited)",
					"-ObjC",
					"-lc++",
				);
				PRODUCT_BUNDLE_IDENTIFIER = "edu.ucsd.tritonai.harness.preview";
				PRODUCT_NAME = "TritonAIHarnessPreview";
				SWIFT_OBJC_BRIDGING_HEADER = "TritonAIHarnessPreview/TritonAIHarnessPreview-Bridging-Header.h";
				SWIFT_VERSION = 5.0;
				VERSIONING_SYSTEM = "apple-generic";
				DEVELOPMENT_TEAM = G789749RTK;
				TARGETED_DEVICE_FAMILY = "1,2";
				CODE_SIGN_ENTITLEMENTS = TritonAIHarnessPreview/TritonAIHarnessPreview.entitlements;
			};
			name = Release;
		};
		83CBBA201A601CBA00E9B192 /* Debug */ = {
			isa = XCBuildConfiguration;
			buildSettings = {
				ALWAYS_SEARCH_USER_PATHS = NO;
				CLANG_ANALYZER_LOCALIZABILITY_NONLOCALIZED = YES;
				CLANG_CXX_LANGUAGE_STANDARD = "c++20";
				CLANG_CXX_LIBRARY = "libc++";
				CLANG_ENABLE_MODULES = YES;
				CLANG_ENABLE_OBJC_ARC = YES;
				CLANG_WARN_BLOCK_CAPTURE_AUTORELEASING = YES;
				CLANG_WARN_BOOL_CONVERSION = YES;
				CLANG_WARN_COMMA = YES;
				CLANG_WARN_CONSTANT_CONVERSION = YES;
				CLANG_WARN_DEPRECATED_OBJC_IMPLEMENTATIONS = YES;
				CLANG_WARN_DIRECT_OBJC_ISA_USAGE = YES_ERROR;
				CLANG_WARN_EMPTY_BODY = YES;
				CLANG_WARN_ENUM_CONVERSION = YES;
				CLANG_WARN_INFINITE_RECURSION = YES;
				CLANG_WARN_INT_CONVERSION = YES;
				CLANG_WARN_NON_LITERAL_NULL_CONVERSION = YES;
				CLANG_WARN_OBJC_IMPLICIT_RETAIN_SELF = YES;
				CLANG_WARN_OBJC_LITERAL_CONVERSION = YES;
				CLANG_WARN_OBJC_ROOT_CLASS = YES_ERROR;
				CLANG_WARN_RANGE_LOOP_ANALYSIS = YES;
				CLANG_WARN_STRICT_PROTOTYPES = YES;
				CLANG_WARN_SUSPICIOUS_MOVE = YES;
				CLANG_WARN_UNREACHABLE_CODE = YES;
				CLANG_WARN__DUPLICATE_METHOD_MATCH = YES;
				"CODE_SIGN_IDENTITY[sdk=iphoneos*]" = "iPhone Developer";
				COPY_PHASE_STRIP = NO;
				ENABLE_STRICT_OBJC_MSGSEND = YES;
				ENABLE_TESTABILITY = YES;
				GCC_C_LANGUAGE_STANDARD = gnu99;
				GCC_DYNAMIC_NO_PIC = NO;
				GCC_NO_COMMON_BLOCKS = YES;
				GCC_OPTIMIZATION_LEVEL = 0;
				GCC_PREPROCESSOR_DEFINITIONS = (
					"DEBUG=1",
					"$(inherited)",
				);
				GCC_SYMBOLS_PRIVATE_EXTERN = NO;
				GCC_WARN_64_TO_32_BIT_CONVERSION = YES;
				GCC_WARN_ABOUT_RETURN_TYPE = YES_ERROR;
				GCC_WARN_UNDECLARED_SELECTOR = YES;
				GCC_WARN_UNINITIALIZED_AUTOS = YES_AGGRESSIVE;
				GCC_WARN_UNUSED_FUNCTION = YES;
				GCC_WARN_UNUSED_VARIABLE = YES;
				IPHONEOS_DEPLOYMENT_TARGET = 17.0;
				LD_RUNPATH_SEARCH_PATHS = (
					/usr/lib/swift,
					"$(inherited)",
				);
				LIBRARY_SEARCH_PATHS = "\"$(inherited)\"";
				MTL_ENABLE_DEBUG_INFO = YES;
				ONLY_ACTIVE_ARCH = YES;
				SDKROOT = iphoneos;
			};
			name = Debug;
		};
		83CBBA211A601CBA00E9B192 /* Release */ = {
			isa = XCBuildConfiguration;
			buildSettings = {
				ALWAYS_SEARCH_USER_PATHS = NO;
				CLANG_ANALYZER_LOCALIZABILITY_NONLOCALIZED = YES;
				CLANG_CXX_LANGUAGE_STANDARD = "c++20";
				CLANG_CXX_LIBRARY = "libc++";
				CLANG_ENABLE_MODULES = YES;
				CLANG_ENABLE_OBJC_ARC = YES;
				CLANG_WARN_BLOCK_CAPTURE_AUTORELEASING = YES;
				CLANG_WARN_BOOL_CONVERSION = YES;
				CLANG_WARN_COMMA = YES;
				CLANG_WARN_CONSTANT_CONVERSION = YES;
				CLANG_WARN_DEPRECATED_OBJC_IMPLEMENTATIONS = YES;
				CLANG_WARN_DIRECT_OBJC_ISA_USAGE = YES_ERROR;
				CLANG_WARN_EMPTY_BODY = YES;
				CLANG_WARN_ENUM_CONVERSION = YES;
				CLANG_WARN_INFINITE_RECURSION = YES;
				CLANG_WARN_INT_CONVERSION = YES;
				CLANG_WARN_NON_LITERAL_NULL_CONVERSION = YES;
				CLANG_WARN_OBJC_IMPLICIT_RETAIN_SELF = YES;
				CLANG_WARN_OBJC_LITERAL_CONVERSION = YES;
				CLANG_WARN_OBJC_ROOT_CLASS = YES_ERROR;
				CLANG_WARN_RANGE_LOOP_ANALYSIS = YES;
				CLANG_WARN_STRICT_PROTOTYPES = YES;
				CLANG_WARN_SUSPICIOUS_MOVE = YES;
				CLANG_WARN_UNREACHABLE_CODE = YES;
				CLANG_WARN__DUPLICATE_METHOD_MATCH = YES;
				"CODE_SIGN_IDENTITY[sdk=iphoneos*]" = "iPhone Developer";
				COPY_PHASE_STRIP = YES;
				ENABLE_NS_ASSERTIONS = NO;
				ENABLE_STRICT_OBJC_MSGSEND = YES;
				GCC_C_LANGUAGE_STANDARD = gnu99;
				GCC_NO_COMMON_BLOCKS = YES;
				GCC_WARN_64_TO_32_BIT_CONVERSION = YES;
				GCC_WARN_ABOUT_RETURN_TYPE = YES_ERROR;
				GCC_WARN_UNDECLARED_SELECTOR = YES;
				GCC_WARN_UNINITIALIZED_AUTOS = YES_AGGRESSIVE;
				GCC_WARN_UNUSED_FUNCTION = YES;
				GCC_WARN_UNUSED_VARIABLE = YES;
				IPHONEOS_DEPLOYMENT_TARGET = 17.0;
				LD_RUNPATH_SEARCH_PATHS = (
					/usr/lib/swift,
					"$(inherited)",
				);
				LIBRARY_SEARCH_PATHS = "\"$(inherited)\"";
				MTL_ENABLE_DEBUG_INFO = NO;
				SDKROOT = iphoneos;
				VALIDATE_PRODUCT = YES;
			};
			name = Release;
		};
		B32DBD3A8F8D4AA08FE3F047 /* Debug */ = {
			name = Debug;
			isa = XCBuildConfiguration;
			buildSettings = {
				PRODUCT_NAME = "$(TARGET_NAME)";
				SWIFT_VERSION = 5.0;
				TARGETED_DEVICE_FAMILY = "1,2";
				INFOPLIST_FILE = ExpoWidgetsTarget/Info.plist;
				CURRENT_PROJECT_VERSION = "2";
				IPHONEOS_DEPLOYMENT_TARGET = "16.4";
				PRODUCT_BUNDLE_IDENTIFIER = "edu.ucsd.tritonai.harness.preview.widgets";
				GENERATE_INFOPLIST_FILE = "YES";
				INFOPLIST_KEY_CFBundleDisplayName = ExpoWidgetsTarget;
				INFOPLIST_KEY_NSHumanReadableCopyright = "";
				MARKETING_VERSION = "1.2.0";
				SWIFT_OPTIMIZATION_LEVEL = "-Onone";
				CODE_SIGN_ENTITLEMENTS = "ExpoWidgetsTarget/ExpoWidgetsTarget.entitlements";
				APPLICATION_EXTENSION_API_ONLY = "YES";
				DEVELOPMENT_TEAM = G789749RTK;
			};
		};
		DA55C4345E894C3E986A4139 /* Release */ = {
			name = Release;
			isa = XCBuildConfiguration;
			buildSettings = {
				PRODUCT_NAME = "$(TARGET_NAME)";
				SWIFT_VERSION = 5.0;
				TARGETED_DEVICE_FAMILY = "1,2";
				INFOPLIST_FILE = ExpoWidgetsTarget/Info.plist;
				CURRENT_PROJECT_VERSION = "2";
				IPHONEOS_DEPLOYMENT_TARGET = "16.4";
				PRODUCT_BUNDLE_IDENTIFIER = "edu.ucsd.tritonai.harness.preview.widgets";
				GENERATE_INFOPLIST_FILE = "YES";
				INFOPLIST_KEY_CFBundleDisplayName = ExpoWidgetsTarget;
				INFOPLIST_KEY_NSHumanReadableCopyright = "";
				MARKETING_VERSION = "1.2.0";
				SWIFT_OPTIMIZATION_LEVEL = "-Onone";
				CODE_SIGN_ENTITLEMENTS = "ExpoWidgetsTarget/ExpoWidgetsTarget.entitlements";
				APPLICATION_EXTENSION_API_ONLY = "YES";
				DEVELOPMENT_TEAM = G789749RTK;
			};
		};
		33D37CC3615A4EE399900C98 /* Debug */ = {
			name = Debug;
			isa = XCBuildConfiguration;
			buildSettings = {
				ASSETCATALOG_COMPILER_GENERATE_SWIFT_ASSET_SYMBOL_EXTENSIONS = YES;
				CLANG_ANALYZER_NONNULL = YES;
				CLANG_ANALYZER_NUMBER_OBJECT_CONVERSION = YES_AGGRESSIVE;
				CODE_SIGN_STYLE = Automatic;
				CODE_SIGN_ENTITLEMENTS = "expo-sharing-extension/expo-sharing-extension.entitlements";
				CURRENT_PROJECT_VERSION = "2";
				ENABLE_USER_SCRIPT_SANDBOXING = YES;
				GENERATE_INFOPLIST_FILE = NO;
				INFOPLIST_FILE = "expo-sharing-extension/Info.plist";
				INFOPLIST_KEY_CFBundleDisplayName = "TritonAI Harness Preview";
				INFOPLIST_KEY_NSHumanReadableCopyright = "";
				IPHONEOS_DEPLOYMENT_TARGET = "16.4";
				LD_RUNPATH_SEARCH_PATHS = (
					"$(inherited)",
					"@executable_path/Frameworks",
					"@executable_path/../../Frameworks",
				);
				LOCALIZATION_PREFERS_STRING_CATALOGS = YES;
				MARKETING_VERSION = 1.2.0;
				MTL_FAST_MATH = YES;
				PRODUCT_BUNDLE_IDENTIFIER = "edu.ucsd.tritonai.harness.preview.sharing";
				PRODUCT_NAME = "$(TARGET_NAME)";
				SKIP_INSTALL = YES;
				STRING_CATALOG_GENERATE_SYMBOLS = YES;
				SWIFT_APPROACHABLE_CONCURRENCY = YES;
				SWIFT_EMIT_LOC_STRINGS = YES;
				SWIFT_UPCOMING_FEATURE_MEMBER_IMPORT_VISIBILITY = YES;
				SWIFT_VERSION = 5.0;
				TARGETED_DEVICE_FAMILY = "1,2";
				DEBUG_INFORMATION_FORMAT = dwarf;
				MTL_ENABLE_DEBUG_INFO = INCLUDE_SOURCE;
				SWIFT_ACTIVE_COMPILATION_CONDITIONS = "DEBUG $(inherited)";
				SWIFT_OPTIMIZATION_LEVEL = "-Onone";
			};
		};
		991CEFD49C7D468C8D3DAC83 /* Release */ = {
			name = Release;
			isa = XCBuildConfiguration;
			buildSettings = {
				ASSETCATALOG_COMPILER_GENERATE_SWIFT_ASSET_SYMBOL_EXTENSIONS = YES;
				CLANG_ANALYZER_NONNULL = YES;
				CLANG_ANALYZER_NUMBER_OBJECT_CONVERSION = YES_AGGRESSIVE;
				CODE_SIGN_STYLE = Automatic;
				CODE_SIGN_ENTITLEMENTS = "expo-sharing-extension/expo-sharing-extension.entitlements";
				CURRENT_PROJECT_VERSION = "2";
				ENABLE_USER_SCRIPT_SANDBOXING = YES;
				GENERATE_INFOPLIST_FILE = NO;
				INFOPLIST_FILE = "expo-sharing-extension/Info.plist";
				INFOPLIST_KEY_CFBundleDisplayName = "TritonAI Harness Preview";
				INFOPLIST_KEY_NSHumanReadableCopyright = "";
				IPHONEOS_DEPLOYMENT_TARGET = "16.4";
				LD_RUNPATH_SEARCH_PATHS = (
					"$(inherited)",
					"@executable_path/Frameworks",
					"@executable_path/../../Frameworks",
				);
				LOCALIZATION_PREFERS_STRING_CATALOGS = YES;
				MARKETING_VERSION = 1.2.0;
				MTL_FAST_MATH = YES;
				PRODUCT_BUNDLE_IDENTIFIER = "edu.ucsd.tritonai.harness.preview.sharing";
				PRODUCT_NAME = "$(TARGET_NAME)";
				SKIP_INSTALL = YES;
				STRING_CATALOG_GENERATE_SYMBOLS = YES;
				SWIFT_APPROACHABLE_CONCURRENCY = YES;
				SWIFT_EMIT_LOC_STRINGS = YES;
				SWIFT_UPCOMING_FEATURE_MEMBER_IMPORT_VISIBILITY = YES;
				SWIFT_VERSION = 5.0;
				TARGETED_DEVICE_FAMILY = "1,2";
				COPY_PHASE_STRIP = NO;
				DEBUG_INFORMATION_FORMAT = "dwarf-with-dsym";
				SWIFT_COMPILATION_MODE = wholemodule;
			};
		};
/* End XCBuildConfiguration section */

/* Begin XCConfigurationList section */
		13B07F931A680F5B00A75B9A /* Build configuration list for PBXNativeTarget "TritonAIHarnessPreview" */ = {
			isa = XCConfigurationList;
			buildConfigurations = (
				13B07F941A680F5B00A75B9A /* Debug */,
				13B07F951A680F5B00A75B9A /* Release */,
			);
			defaultConfigurationIsVisible = 0;
			defaultConfigurationName = Release;
		};
		83CBB9FA1A601CBA00E9B192 /* Build configuration list for PBXProject "TritonAIHarnessPreview" */ = {
			isa = XCConfigurationList;
			buildConfigurations = (
				83CBBA201A601CBA00E9B192 /* Debug */,
				83CBBA211A601CBA00E9B192 /* Release */,
			);
			defaultConfigurationIsVisible = 0;
			defaultConfigurationName = Release;
		};
		55CC090FA3134B868BCA5BD6 /* Build configuration list for PBXNativeTarget "ExpoWidgetsTarget" */ = {
			isa = XCConfigurationList;
			buildConfigurations = (
				B32DBD3A8F8D4AA08FE3F047 /* Debug */,
				DA55C4345E894C3E986A4139 /* Release */,
			);
			defaultConfigurationIsVisible = 0;
			defaultConfigurationName = Release;
		};
		356D8A79F29745AAB14007F7 /* Build configuration list for PBXNativeTarget "expo-sharing-extension" */ = {
			isa = XCConfigurationList;
			buildConfigurations = (
				33D37CC3615A4EE399900C98 /* Debug */,
				991CEFD49C7D468C8D3DAC83 /* Release */,
			);
			defaultConfigurationIsVisible = 0;
			defaultConfigurationName = Release;
		};
/* End XCConfigurationList section */

/* Begin PBXTargetDependency section */
		12E923D75FB74150B8FF309A /* PBXTargetDependency */ = {
			isa = PBXTargetDependency;
			target = 661D6DB3243F49E9B52B1A47 /* ExpoWidgetsTarget */;
			targetProxy = 8F89535F9A8843BE9BA4F1CA /* PBXContainerItemProxy */;
		};
/* End PBXTargetDependency section */

/* Begin PBXContainerItemProxy section */
		8F89535F9A8843BE9BA4F1CA /* PBXContainerItemProxy */ = {
			isa = PBXContainerItemProxy;
			containerPortal = 83CBB9F71A601CBA00E9B192 /* Project object */;
			proxyType = 1;
			remoteGlobalIDString = 661D6DB3243F49E9B52B1A47;
			remoteInfo = ExpoWidgetsTarget;
		};
/* End PBXContainerItemProxy section */

/* Begin PBXCopyFilesBuildPhase section */
		04879F041B3548029C9ED73B /* Embed Foundation Extensions */ = {
			isa = PBXCopyFilesBuildPhase;
			buildActionMask = 2147483647;
			files = (
				89F88034A2F041F69426936F /* ExpoWidgetsTarget.appex in Embed Foundation Extensions */,
				8A5A67850E0247ACA1DD8E28 /* expo-sharing-extension.appex in Embed Foundation Extensions */,
			);
			runOnlyForDeploymentPostprocessing = 0;
			name = "Embed Foundation Extensions";
			dstPath = "";
			dstSubfolderSpec = 13;
		};
		98D8414791DD41EA8EA049D2 /* Embed Foundation Extensions */ = {
			isa = PBXCopyFilesBuildPhase;
			buildActionMask = 2147483647;
			files = (
			);
			runOnlyForDeploymentPostprocessing = 0;
			name = "Embed Foundation Extensions";
			dstPath = "";
			dstSubfolderSpec = 13;
		};
/* End PBXCopyFilesBuildPhase section */
	};
	rootObject = 83CBB9F71A601CBA00E9B192 /* Project object */;
}
